
Microsoft Visual Studio Solution File, Format Version 12.00
# Visual Studio Version 17
VisualStudioVersion = 17.9.34701.34
MinimumVisualStudioVersion = 10.0.40219.1
Project("{2150E333-8FDC-42A3-9474-1A3956D46DE8}") = "Solution Items", "Solution Items", "{A0088505-B47E-4256-974A-44534C298B4E}"
	ProjectSection(SolutionItems) = preProject
		.editorconfig = .editorconfig
		Directory.Build.props = Directory.Build.props
	EndProjectSection
EndProject
Project("{2150E333-8FDC-42A3-9474-1A3956D46DE8}") = "src", "src", "{D3B48DEC-BFCF-4925-A051-D242FFA31149}"
EndProject
Project("{2150E333-8FDC-42A3-9474-1A3956D46DE8}") = "API", "API", "{932AEF4C-FC6B-4496-9051-1AD3763D10DB}"
EndProject
Project("{9A19103F-16F7-4668-BE54-9A1E7A4F7556}") = "Evently.Api", "src\API\Evently.Api\Evently.Api.csproj", "{883418AC-7525-4A89-819E-1216B178E999}"
EndProject
Project("{2150E333-8FDC-42A3-9474-1A3956D46DE8}") = "Modules", "Modules", "{A0FE90F9-3D87-4B00-8D9C-5878284CE8B3}"
EndProject
Project("{2150E333-8FDC-42A3-9474-1A3956D46DE8}") = "Events", "Events", "{83C39285-38DB-49C0-8A84-8809ED682E2B}"
EndProject
Project("{9A19103F-16F7-4668-BE54-9A1E7A4F7556}") = "Evently.Modules.Events.Application", "src\Modules\Events\Evently.Modules.Events.Application\Evently.Modules.Events.Application.csproj", "{C6A99D37-EAC3-4FDB-8A85-A8B5DA4CE3ED}"
EndProject
Project("{9A19103F-16F7-4668-BE54-9A1E7A4F7556}") = "Evently.Modules.Events.Domain", "src\Modules\Events\Evently.Modules.Events.Domain\Evently.Modules.Events.Domain.csproj", "{59A1A617-FCFD-443F-9975-1994656FF7A5}"
EndProject
Project("{9A19103F-16F7-4668-BE54-9A1E7A4F7556}") = "Evently.Modules.Events.Infrastructure", "src\Modules\Events\Evently.Modules.Events.Infrastructure\Evently.Modules.Events.Infrastructure.csproj", "{88D8FF01-4562-457A-844D-889BA99067E0}"
EndProject
Project("{9A19103F-16F7-4668-BE54-9A1E7A4F7556}") = "Evently.Modules.Events.Presentation", "src\Modules\Events\Evently.Modules.Events.Presentation\Evently.Modules.Events.Presentation.csproj", "{ACC4D102-6C72-4FA4-AF38-D84C3DF60860}"
EndProject
Project("{E53339B2-1760-4266-BCC7-CA923CBCF16C}") = "docker-compose", "docker-compose.dcproj", "{9EA59FD0-34D9-4824-BBE1-46CC85B30A0E}"
EndProject
Project("{2150E333-8FDC-42A3-9474-1A3956D46DE8}") = "Common", "Common", "{02EA681E-C7D8-13C7-8484-4AC65E1B71E8}"
EndProject
Project("{FAE04EC0-301F-11D3-BF4B-00C04F79EFBC}") = "Evently.Common.Application", "src\Common\Evently.Common.Application\Evently.Common.Application.csproj", "{8F95667B-AB5A-4380-9C37-773970BEF2FA}"
EndProject
Project("{FAE04EC0-301F-11D3-BF4B-00C04F79EFBC}") = "Evently.Common.Domain", "src\Common\Evently.Common.Domain\Evently.Common.Domain.csproj", "{266F9B11-03B5-4BF0-927F-AC21B5FBB2F9}"
EndProject
Project("{FAE04EC0-301F-11D3-BF4B-00C04F79EFBC}") = "Evently.Common.Infrastructure", "src\Common\Evently.Common.Infrastructure\Evently.Common.Infrastructure.csproj", "{691B435E-78C7-4C5E-88FB-E737CE08F132}"
EndProject
Project("{FAE04EC0-301F-11D3-BF4B-00C04F79EFBC}") = "Evently.Common.Presentation", "src\Common\Evently.Common.Presentation\Evently.Common.Presentation.csproj", "{6EAEE724-5C5B-46A3-A2BD-3FEADA92F4EE}"
EndProject
Project("{2150E333-8FDC-42A3-9474-1A3956D46DE8}") = "Users", "Users", "{6CB0DA90-B039-4C60-A6B1-2022624BD2B8}"
EndProject
Project("{FAE04EC0-301F-11D3-BF4B-00C04F79EFBC}") = "Evently.Modules.Users.Domain", "src\Modules\Users\Evently.Modules.Users.Domain\Evently.Modules.Users.Domain.csproj", "{2A1E0053-633E-45B1-B567-69293617FAA9}"
EndProject
Project("{FAE04EC0-301F-11D3-BF4B-00C04F79EFBC}") = "Evently.Modules.Users.Application", "src\Modules\Users\Evently.Modules.Users.Application\Evently.Modules.Users.Application.csproj", "{436A41E7-9CCA-43B7-90A7-D64227033A7F}"
EndProject
Project("{FAE04EC0-301F-11D3-BF4B-00C04F79EFBC}") = "Evently.Modules.Users.Presentation", "src\Modules\Users\Evently.Modules.Users.Presentation\Evently.Modules.Users.Presentation.csproj", "{826C2180-B329-486A-B726-6CB87625ED1D}"
EndProject
Project("{FAE04EC0-301F-11D3-BF4B-00C04F79EFBC}") = "Evently.Modules.Users.Infrastructure", "src\Modules\Users\Evently.Modules.Users.Infrastructure\Evently.Modules.Users.Infrastructure.csproj", "{7967F9BE-F29C-4979-BF05-223623D96102}"
EndProject
Global
	GlobalSection(SolutionConfigurationPlatforms) = preSolution
		Debug|Any CPU = Debug|Any CPU
		Release|Any CPU = Release|Any CPU
	EndGlobalSection
	GlobalSection(ProjectConfigurationPlatforms) = postSolution
		{883418AC-7525-4A89-819E-1216B178E999}.Debug|Any CPU.ActiveCfg = Debug|Any CPU
		{883418AC-7525-4A89-819E-1216B178E999}.Debug|Any CPU.Build.0 = Debug|Any CPU
		{883418AC-7525-4A89-819E-1216B178E999}.Release|Any CPU.ActiveCfg = Release|Any CPU
		{883418AC-7525-4A89-819E-1216B178E999}.Release|Any CPU.Build.0 = Release|Any CPU
		{C6A99D37-EAC3-4FDB-8A85-A8B5DA4CE3ED}.Debug|Any CPU.ActiveCfg = Debug|Any CPU
		{C6A99D37-EAC3-4FDB-8A85-A8B5DA4CE3ED}.Debug|Any CPU.Build.0 = Debug|Any CPU
		{C6A99D37-EAC3-4FDB-8A85-A8B5DA4CE3ED}.Release|Any CPU.ActiveCfg = Release|Any CPU
		{C6A99D37-EAC3-4FDB-8A85-A8B5DA4CE3ED}.Release|Any CPU.Build.0 = Release|Any CPU
		{59A1A617-FCFD-443F-9975-1994656FF7A5}.Debug|Any CPU.ActiveCfg = Debug|Any CPU
		{59A1A617-FCFD-443F-9975-1994656FF7A5}.Debug|Any CPU.Build.0 = Debug|Any CPU
		{59A1A617-FCFD-443F-9975-1994656FF7A5}.Release|Any CPU.ActiveCfg = Release|Any CPU
		{59A1A617-FCFD-443F-9975-1994656FF7A5}.Release|Any CPU.Build.0 = Release|Any CPU
		{88D8FF01-4562-457A-844D-889BA99067E0}.Debug|Any CPU.ActiveCfg = Debug|Any CPU
		{88D8FF01-4562-457A-844D-889BA99067E0}.Debug|Any CPU.Build.0 = Debug|Any CPU
		{88D8FF01-4562-457A-844D-889BA99067E0}.Release|Any CPU.ActiveCfg = Release|Any CPU
		{88D8FF01-4562-457A-844D-889BA99067E0}.Release|Any CPU.Build.0 = Release|Any CPU
		{ACC4D102-6C72-4FA4-AF38-D84C3DF60860}.Debug|Any CPU.ActiveCfg = Debug|Any CPU
		{ACC4D102-6C72-4FA4-AF38-D84C3DF60860}.Debug|Any CPU.Build.0 = Debug|Any CPU
		{ACC4D102-6C72-4FA4-AF38-D84C3DF60860}.Release|Any CPU.ActiveCfg = Release|Any CPU
		{ACC4D102-6C72-4FA4-AF38-D84C3DF60860}.Release|Any CPU.Build.0 = Release|Any CPU
		{9EA59FD0-34D9-4824-BBE1-46CC85B30A0E}.Debug|Any CPU.ActiveCfg = Debug|Any CPU
		{9EA59FD0-34D9-4824-BBE1-46CC85B30A0E}.Debug|Any CPU.Build.0 = Debug|Any CPU
		{9EA59FD0-34D9-4824-BBE1-46CC85B30A0E}.Release|Any CPU.ActiveCfg = Release|Any CPU
		{9EA59FD0-34D9-4824-BBE1-46CC85B30A0E}.Release|Any CPU.Build.0 = Release|Any CPU
		{8F95667B-AB5A-4380-9C37-773970BEF2FA}.Debug|Any CPU.ActiveCfg = Debug|Any CPU
		{8F95667B-AB5A-4380-9C37-773970BEF2FA}.Debug|Any CPU.Build.0 = Debug|Any CPU
		{8F95667B-AB5A-4380-9C37-773970BEF2FA}.Release|Any CPU.ActiveCfg = Release|Any CPU
		{8F95667B-AB5A-4380-9C37-773970BEF2FA}.Release|Any CPU.Build.0 = Release|Any CPU
		{266F9B11-03B5-4BF0-927F-AC21B5FBB2F9}.Debug|Any CPU.ActiveCfg = Debug|Any CPU
		{266F9B11-03B5-4BF0-927F-AC21B5FBB2F9}.Debug|Any CPU.Build.0 = Debug|Any CPU
		{266F9B11-03B5-4BF0-927F-AC21B5FBB2F9}.Release|Any CPU.ActiveCfg = Release|Any CPU
		{266F9B11-03B5-4BF0-927F-AC21B5FBB2F9}.Release|Any CPU.Build.0 = Release|Any CPU
		{691B435E-78C7-4C5E-88FB-E737CE08F132}.Debug|Any CPU.ActiveCfg = Debug|Any CPU
		{691B435E-78C7-4C5E-88FB-E737CE08F132}.Debug|Any CPU.Build.0 = Debug|Any CPU
		{691B435E-78C7-4C5E-88FB-E737CE08F132}.Release|Any CPU.ActiveCfg = Release|Any CPU
		{691B435E-78C7-4C5E-88FB-E737CE08F132}.Release|Any CPU.Build.0 = Release|Any CPU
		{6EAEE724-5C5B-46A3-A2BD-3FEADA92F4EE}.Debug|Any CPU.ActiveCfg = Debug|Any CPU
		{6EAEE724-5C5B-46A3-A2BD-3FEADA92F4EE}.Debug|Any CPU.Build.0 = Debug|Any CPU
		{6EAEE724-5C5B-46A3-A2BD-3FEADA92F4EE}.Release|Any CPU.ActiveCfg = Release|Any CPU
		{6EAEE724-5C5B-46A3-A2BD-3FEADA92F4EE}.Release|Any CPU.Build.0 = Release|Any CPU
		{2A1E0053-633E-45B1-B567-69293617FAA9}.Debug|Any CPU.ActiveCfg = Debug|Any CPU
		{2A1E0053-633E-45B1-B567-69293617FAA9}.Debug|Any CPU.Build.0 = Debug|Any CPU
		{2A1E0053-633E-45B1-B567-69293617FAA9}.Release|Any CPU.ActiveCfg = Release|Any CPU
		{2A1E0053-633E-45B1-B567-69293617FAA9}.Release|Any CPU.Build.0 = Release|Any CPU
		{436A41E7-9CCA-43B7-90A7-D64227033A7F}.Debug|Any CPU.ActiveCfg = Debug|Any CPU
		{436A41E7-9CCA-43B7-90A7-D64227033A7F}.Debug|Any CPU.Build.0 = Debug|Any CPU
		{436A41E7-9CCA-43B7-90A7-D64227033A7F}.Release|Any CPU.ActiveCfg = Release|Any CPU
		{436A41E7-9CCA-43B7-90A7-D64227033A7F}.Release|Any CPU.Build.0 = Release|Any CPU
		{826C2180-B329-486A-B726-6CB87625ED1D}.Debug|Any CPU.ActiveCfg = Debug|Any CPU
		{826C2180-B329-486A-B726-6CB87625ED1D}.Debug|Any CPU.Build.0 = Debug|Any CPU
		{826C2180-B329-486A-B726-6CB87625ED1D}.Release|Any CPU.ActiveCfg = Release|Any CPU
		{826C2180-B329-486A-B726-6CB87625ED1D}.Release|Any CPU.Build.0 = Release|Any CPU
		{7967F9BE-F29C-4979-BF05-223623D96102}.Debug|Any CPU.ActiveCfg = Debug|Any CPU
		{7967F9BE-F29C-4979-BF05-223623D96102}.Debug|Any CPU.Build.0 = Debug|Any CPU
		{7967F9BE-F29C-4979-BF05-223623D96102}.Release|Any CPU.ActiveCfg = Release|Any CPU
		{7967F9BE-F29C-4979-BF05-223623D96102}.Release|Any CPU.Build.0 = Release|Any CPU
	EndGlobalSection
	GlobalSection(SolutionProperties) = preSolution
		HideSolutionNode = FALSE
	EndGlobalSection
	GlobalSection(NestedProjects) = preSolution
		{932AEF4C-FC6B-4496-9051-1AD3763D10DB} = {D3B48DEC-BFCF-4925-A051-D242FFA31149}
		{883418AC-7525-4A89-819E-1216B178E999} = {932AEF4C-FC6B-4496-9051-1AD3763D10DB}
		{A0FE90F9-3D87-4B00-8D9C-5878284CE8B3} = {D3B48DEC-BFCF-4925-A051-D242FFA31149}
		{83C39285-38DB-49C0-8A84-8809ED682E2B} = {A0FE90F9-3D87-4B00-8D9C-5878284CE8B3}
		{C6A99D37-EAC3-4FDB-8A85-A8B5DA4CE3ED} = {83C39285-38DB-49C0-8A84-8809ED682E2B}
		{59A1A617-FCFD-443F-9975-1994656FF7A5} = {83C39285-38DB-49C0-8A84-8809ED682E2B}
		{88D8FF01-4562-457A-844D-889BA99067E0} = {83C39285-38DB-49C0-8A84-8809ED682E2B}
		{ACC4D102-6C72-4FA4-AF38-D84C3DF60860} = {83C39285-38DB-49C0-8A84-8809ED682E2B}
		{02EA681E-C7D8-13C7-8484-4AC65E1B71E8} = {D3B48DEC-BFCF-4925-A051-D242FFA31149}
		{8F95667B-AB5A-4380-9C37-773970BEF2FA} = {02EA681E-C7D8-13C7-8484-4AC65E1B71E8}
		{266F9B11-03B5-4BF0-927F-AC21B5FBB2F9} = {02EA681E-C7D8-13C7-8484-4AC65E1B71E8}
		{691B435E-78C7-4C5E-88FB-E737CE08F132} = {02EA681E-C7D8-13C7-8484-4AC65E1B71E8}
		{6EAEE724-5C5B-46A3-A2BD-3FEADA92F4EE} = {02EA681E-C7D8-13C7-8484-4AC65E1B71E8}
		{6CB0DA90-B039-4C60-A6B1-2022624BD2B8} = {A0FE90F9-3D87-4B00-8D9C-5878284CE8B3}
		{2A1E0053-633E-45B1-B567-69293617FAA9} = {6CB0DA90-B039-4C60-A6B1-2022624BD2B8}
		{436A41E7-9CCA-43B7-90A7-D64227033A7F} = {6CB0DA90-B039-4C60-A6B1-2022624BD2B8}
		{826C2180-B329-486A-B726-6CB87625ED1D} = {6CB0DA90-B039-4C60-A6B1-2022624BD2B8}
		{7967F9BE-F29C-4979-BF05-223623D96102} = {6CB0DA90-B039-4C60-A6B1-2022624BD2B8}
	EndGlobalSection
	GlobalSection(ExtensibilityGlobals) = postSolution
		SolutionGuid = {1E42AE86-7F3C-45F4-A386-AB71CC4446CB}
	EndGlobalSection
EndGlobal
